// !$*UTF8*$!
{
	archiveVersion = 1;
	classes = {
	};
	objectVersion = 46;
	objects = {

/* Begin PBXBuildFile section */
		500CC4E013F9BA1200FED029 /* STCardDetailViewController.m in Sources */ = {isa = PBXBuildFile; fileRef = 500CC4DF13F9BA1200FED029 /* STCardDetailViewController.m */; };
		500CC54D13FA2BB800FED029 /* cardViewShortBackground.png in Resources */ = {isa = PBXBuildFile; fileRef = 500CC54B13FA2BB800FED029 /* cardViewShortBackground.png */; };
		500CC54E13FA2BB800FED029 /* cardViewShortBackground@2x.png in Resources */ = {isa = PBXBuildFile; fileRef = 500CC54C13FA2BB800FED029 /* cardViewShortBackground@2x.png */; };
		500CC55313FB114D00FED029 /* flipButton.png in Resources */ = {isa = PBXBuildFile; fileRef = 500CC54F13FB114D00FED029 /* flipButton.png */; };
		500CC55413FB114D00FED029 /* flipButton@2x.png in Resources */ = {isa = PBXBuildFile; fileRef = 500CC55013FB114D00FED029 /* flipButton@2x.png */; };
		500CC55513FB114D00FED029 /* flipButtonTapped.png in Resources */ = {isa = PBXBuildFile; fileRef = 500CC55113FB114D00FED029 /* flipButtonTapped.png */; };
		500CC55613FB114D00FED029 /* flipButtonTapped@2x.png in Resources */ = {isa = PBXBuildFile; fileRef = 500CC55213FB114D00FED029 /* flipButtonTapped@2x.png */; };
		500E13D713F5C88A00FF2F38 /* STEmptyDataSetView.m in Sources */ = {isa = PBXBuildFile; fileRef = 500E13D613F5C88A00FF2F38 /* STEmptyDataSetView.m */; };
		500E13DC13F5D3B300FF2F38 /* emptyDataSetViewOneButtonBackground.png in Resources */ = {isa = PBXBuildFile; fileRef = 500E13D813F5D3B300FF2F38 /* emptyDataSetViewOneButtonBackground.png */; };
		500E13DD13F5D3B300FF2F38 /* emptyDataSetViewOneButtonBackground@2x.png in Resources */ = {isa = PBXBuildFile; fileRef = 500E13D913F5D3B300FF2F38 /* emptyDataSetViewOneButtonBackground@2x.png */; };
		500E13DE13F5D3B300FF2F38 /* emptyDataSetViewTwoButtonsBackground.png in Resources */ = {isa = PBXBuildFile; fileRef = 500E13DA13F5D3B300FF2F38 /* emptyDataSetViewTwoButtonsBackground.png */; };
		500E13DF13F5D3B300FF2F38 /* emptyDataSetViewTwoButtonsBackground@2x.png in Resources */ = {isa = PBXBuildFile; fileRef = 500E13DB13F5D3B300FF2F38 /* emptyDataSetViewTwoButtonsBackground@2x.png */; };
		500E13E213F5F0A000FF2F38 /* bottomButtonGlow.png in Resources */ = {isa = PBXBuildFile; fileRef = 500E13E013F5F0A000FF2F38 /* bottomButtonGlow.png */; };
		500E13E313F5F0A000FF2F38 /* bottomButtonGlow@2x.png in Resources */ = {isa = PBXBuildFile; fileRef = 500E13E113F5F0A000FF2F38 /* bottomButtonGlow@2x.png */; };
		501527CD13F9A43000100EAC /* STCardView.m in Sources */ = {isa = PBXBuildFile; fileRef = 501527CC13F9A43000100EAC /* STCardView.m */; };
		501EA60413C8C803006DE75D /* UIKit.framework in Frameworks */ = {isa = PBXBuildFile; fileRef = 501EA60313C8C803006DE75D /* UIKit.framework */; };
		501EA60613C8C803006DE75D /* Foundation.framework in Frameworks */ = {isa = PBXBuildFile; fileRef = 501EA60513C8C803006DE75D /* Foundation.framework */; };
		501EA60813C8C803006DE75D /* CoreGraphics.framework in Frameworks */ = {isa = PBXBuildFile; fileRef = 501EA60713C8C803006DE75D /* CoreGraphics.framework */; };
		501EA60A13C8C803006DE75D /* CoreData.framework in Frameworks */ = {isa = PBXBuildFile; fileRef = 501EA60913C8C803006DE75D /* CoreData.framework */; };
		501EA61013C8C803006DE75D /* InfoPlist.strings in Resources */ = {isa = PBXBuildFile; fileRef = 501EA60E13C8C803006DE75D /* InfoPlist.strings */; };
		501EA61213C8C803006DE75D /* main.m in Sources */ = {isa = PBXBuildFile; fileRef = 501EA61113C8C803006DE75D /* main.m */; };
		501EA61913C8C803006DE75D /* Stacks.xcdatamodeld in Sources */ = {isa = PBXBuildFile; fileRef = 501EA61713C8C803006DE75D /* Stacks.xcdatamodeld */; };
		501EA62313C8C803006DE75D /* STRootViewController.xib in Resources */ = {isa = PBXBuildFile; fileRef = 501EA62113C8C803006DE75D /* STRootViewController.xib */; };
		501EA64F13C8C8CA006DE75D /* STRootViewController.m in Sources */ = {isa = PBXBuildFile; fileRef = 501EA64B13C8C8CA006DE75D /* STRootViewController.m */; };
		501EA65013C8C8CA006DE75D /* StacksAppDelegate.m in Sources */ = {isa = PBXBuildFile; fileRef = 501EA64D13C8C8CA006DE75D /* StacksAppDelegate.m */; };
		501EA65613C8CA4F006DE75D /* STCard.m in Sources */ = {isa = PBXBuildFile; fileRef = 501EA65513C8CA4F006DE75D /* STCard.m */; };
		501EA65913C8CA4F006DE75D /* STStack.m in Sources */ = {isa = PBXBuildFile; fileRef = 501EA65813C8CA4F006DE75D /* STStack.m */; };
		502BCB0013CABA9000A0D9C7 /* Stacks.entitlements in Resources */ = {isa = PBXBuildFile; fileRef = 502BCAFF13CABA9000A0D9C7 /* Stacks.entitlements */; };
		504A3E1513F1D75000465C64 /* barBackground.png in Resources */ = {isa = PBXBuildFile; fileRef = 504A3E1313F1D75000465C64 /* barBackground.png */; };
		504A3E1613F1D75000465C64 /* barBackground@2x.png in Resources */ = {isa = PBXBuildFile; fileRef = 504A3E1413F1D75000465C64 /* barBackground@2x.png */; };
		504A3E1913F1D81300465C64 /* backBarButtonItemBackground@2x.png in Resources */ = {isa = PBXBuildFile; fileRef = 504A3E1713F1D81300465C64 /* backBarButtonItemBackground@2x.png */; };
		504A3E1A13F1D81300465C64 /* barButtonItemBackground@2x.png in Resources */ = {isa = PBXBuildFile; fileRef = 504A3E1813F1D81300465C64 /* barButtonItemBackground@2x.png */; };
		504A3E1D13F1DA1000465C64 /* backBarButtonItemBackground.png in Resources */ = {isa = PBXBuildFile; fileRef = 504A3E1B13F1DA1000465C64 /* backBarButtonItemBackground.png */; };
		504A3E1E13F1DA1000465C64 /* barButtonItemBackground.png in Resources */ = {isa = PBXBuildFile; fileRef = 504A3E1C13F1DA1000465C64 /* barButtonItemBackground.png */; };
		504A3E2013F1DAB000465C64 /* FreestyleScriptEF-Reg.ttf in Resources */ = {isa = PBXBuildFile; fileRef = 504A3E1F13F1DAB000465C64 /* FreestyleScriptEF-Reg.ttf */; };
		504A3E2813F1DC7600465C64 /* barButtonItemHighlightedBackground@2x.png in Resources */ = {isa = PBXBuildFile; fileRef = 504A3E2713F1DC7600465C64 /* barButtonItemHighlightedBackground@2x.png */; };
		504A3E2A13F1E15500465C64 /* barButtonItemHighlightedBackground.png in Resources */ = {isa = PBXBuildFile; fileRef = 504A3E2913F1E15500465C64 /* barButtonItemHighlightedBackground.png */; };
		504A3E2D13F1E5C500465C64 /* settingsIcon.png in Resources */ = {isa = PBXBuildFile; fileRef = 504A3E2B13F1E5C500465C64 /* settingsIcon.png */; };
		504A3E2E13F1E5C500465C64 /* settingsIcon@2x.png in Resources */ = {isa = PBXBuildFile; fileRef = 504A3E2C13F1E5C500465C64 /* settingsIcon@2x.png */; };
		504E4DFB143F60E300C6E232 /* STNewCardViewController.m in Sources */ = {isa = PBXBuildFile; fileRef = 504E4DFA143F60E300C6E232 /* STNewCardViewController.m */; };
		5056D82F1412D8DB00E082B3 /* STNewStackViewController.m in Sources */ = {isa = PBXBuildFile; fileRef = 5056D82E1412D8DB00E082B3 /* STNewStackViewController.m */; };
		505B3DF013F231AC007C4A17 /* STStackCell.m in Sources */ = {isa = PBXBuildFile; fileRef = 505B3DEF13F231AC007C4A17 /* STStackCell.m */; };
		505C828613F723490003F864 /* STStackDetailViewController.m in Sources */ = {isa = PBXBuildFile; fileRef = 505C828413F723490003F864 /* STStackDetailViewController.m */; };
		505C828713F723490003F864 /* STStackDetailViewController.xib in Resources */ = {isa = PBXBuildFile; fileRef = 505C828513F723490003F864 /* STStackDetailViewController.xib */; };
		505C828C13F72F660003F864 /* greenButtonBackground.png in Resources */ = {isa = PBXBuildFile; fileRef = 505C828813F72F660003F864 /* greenButtonBackground.png */; };
		505C828D13F72F660003F864 /* greenButtonBackground@2x.png in Resources */ = {isa = PBXBuildFile; fileRef = 505C828913F72F660003F864 /* greenButtonBackground@2x.png */; };
		505C828E13F72F660003F864 /* greenButtonTappedBackground.png in Resources */ = {isa = PBXBuildFile; fileRef = 505C828A13F72F660003F864 /* greenButtonTappedBackground.png */; };
		505C828F13F72F660003F864 /* greenButtonTappedBackground@2x.png in Resources */ = {isa = PBXBuildFile; fileRef = 505C828B13F72F660003F864 /* greenButtonTappedBackground@2x.png */; };
		505C829213F74BA30003F864 /* STCardCell.m in Sources */ = {isa = PBXBuildFile; fileRef = 505C829113F74BA30003F864 /* STCardCell.m */; };
		505C829713F754120003F864 /* cardCellBackground.png in Resources */ = {isa = PBXBuildFile; fileRef = 505C829313F754120003F864 /* cardCellBackground.png */; };
		505C829813F754120003F864 /* cardCellBackground@2x.png in Resources */ = {isa = PBXBuildFile; fileRef = 505C829413F754120003F864 /* cardCellBackground@2x.png */; };
		505C829913F754120003F864 /* cardCellSelectedBackground.png in Resources */ = {isa = PBXBuildFile; fileRef = 505C829513F754120003F864 /* cardCellSelectedBackground.png */; };
		505C829A13F754120003F864 /* cardCellSelectedBackground@2x.png in Resources */ = {isa = PBXBuildFile; fileRef = 505C829613F754120003F864 /* cardCellSelectedBackground@2x.png */; };
		5076B68B1412AFC9006AE55F /* STTextField.m in Sources */ = {isa = PBXBuildFile; fileRef = 5076B68A1412AFC9006AE55F /* STTextField.m */; };
		5076B68E1412B07D006AE55F /* textFieldBackground@2x.png in Resources */ = {isa = PBXBuildFile; fileRef = 5076B68D1412B07D006AE55F /* textFieldBackground@2x.png */; };
		5076B6901412B35E006AE55F /* textFieldBackground.png in Resources */ = {isa = PBXBuildFile; fileRef = 5076B68F1412B35E006AE55F /* textFieldBackground.png */; };
		50790B7413F2E3F1001C68E9 /* stackCellSelectedBackground@2x.png in Resources */ = {isa = PBXBuildFile; fileRef = 50790B7313F2E3F1001C68E9 /* stackCellSelectedBackground@2x.png */; };
		50790B7813F2E98F001C68E9 /* disclosureIndicator.png in Resources */ = {isa = PBXBuildFile; fileRef = 50790B7613F2E98F001C68E9 /* disclosureIndicator.png */; };
		50790B7913F2E98F001C68E9 /* disclosureIndicator@2x.png in Resources */ = {isa = PBXBuildFile; fileRef = 50790B7713F2E98F001C68E9 /* disclosureIndicator@2x.png */; };
		50790B7B13F3A1A7001C68E9 /* stackCellBackground.png in Resources */ = {isa = PBXBuildFile; fileRef = 50790B7A13F3A1A7001C68E9 /* stackCellBackground.png */; };
		50790B7D13F3A1AF001C68E9 /* stackCellSelectedBackground.png in Resources */ = {isa = PBXBuildFile; fileRef = 50790B7C13F3A1AF001C68E9 /* stackCellSelectedBackground.png */; };
		50790B8213F3A1BD001C68E9 /* blueButtonBackground.png in Resources */ = {isa = PBXBuildFile; fileRef = 50790B7E13F3A1BC001C68E9 /* blueButtonBackground.png */; };
		50790B8313F3A1BD001C68E9 /* blueButtonBackground@2x.png in Resources */ = {isa = PBXBuildFile; fileRef = 50790B7F13F3A1BC001C68E9 /* blueButtonBackground@2x.png */; };
		50790B8413F3A1BD001C68E9 /* blueButtonTappedBackground.png in Resources */ = {isa = PBXBuildFile; fileRef = 50790B8013F3A1BC001C68E9 /* blueButtonTappedBackground.png */; };
		50790B8513F3A1BD001C68E9 /* blueButtonTappedBackground@2x.png in Resources */ = {isa = PBXBuildFile; fileRef = 50790B8113F3A1BD001C68E9 /* blueButtonTappedBackground@2x.png */; };
		50790B8C13F3A7B3001C68E9 /* STButton.m in Sources */ = {isa = PBXBuildFile; fileRef = 50790B8B13F3A7B3001C68E9 /* STButton.m */; };
		50C1719B1454A20600FE8E17 /* STStudyViewController.m in Sources */ = {isa = PBXBuildFile; fileRef = 50C1719A1454A20600FE8E17 /* STStudyViewController.m */; };
		50C1719F1454AA9C00FE8E17 /* studyViewBackground@2x.png in Resources */ = {isa = PBXBuildFile; fileRef = 50C1719D1454AA9C00FE8E17 /* studyViewBackground@2x.png */; };
		50C171A01454AA9C00FE8E17 /* studyViewBackground.png in Resources */ = {isa = PBXBuildFile; fileRef = 50C1719E1454AA9C00FE8E17 /* studyViewBackground.png */; };
		50C171A31454B62400FE8E17 /* studyViewArrow.png in Resources */ = {isa = PBXBuildFile; fileRef = 50C171A11454B62300FE8E17 /* studyViewArrow.png */; };
		50C171A41454B62400FE8E17 /* studyViewArrow@2x.png in Resources */ = {isa = PBXBuildFile; fileRef = 50C171A21454B62400FE8E17 /* studyViewArrow@2x.png */; };
		50CEB51613F5B6D400DF6EC1 /* QuartzCore.framework in Frameworks */ = {isa = PBXBuildFile; fileRef = 50CEB51513F5B6D400DF6EC1 /* QuartzCore.framework */; };
		50DC9F0413FCB20B001758BC /* STLabel.m in Sources */ = {isa = PBXBuildFile; fileRef = 50DC9F0313FCB20B001758BC /* STLabel.m */; };
		50FC06A413F2453B00C6C43C /* stackCellBackground@2x.png in Resources */ = {isa = PBXBuildFile; fileRef = 50FC06A313F2453B00C6C43C /* stackCellBackground@2x.png */; };
		50FC06AC13F24CF800C6C43C /* backgroundTexture.png in Resources */ = {isa = PBXBuildFile; fileRef = 50FC06AA13F24CF700C6C43C /* backgroundTexture.png */; };
		50FC06AD13F24CF800C6C43C /* backgroundTexture@2x.png in Resources */ = {isa = PBXBuildFile; fileRef = 50FC06AB13F24CF800C6C43C /* backgroundTexture@2x.png */; };
		50FD6FCB13CBF7EC00D6229B /* Icon.png in Resources */ = {isa = PBXBuildFile; fileRef = 50FD6FC713CBF7EC00D6229B /* Icon.png */; };
		50FD6FCC13CBF7EC00D6229B /* Icon@2x.png in Resources */ = {isa = PBXBuildFile; fileRef = 50FD6FC813CBF7EC00D6229B /* Icon@2x.png */; };
		50FD6FCD13CBF7EC00D6229B /* Icon-Small.png in Resources */ = {isa = PBXBuildFile; fileRef = 50FD6FC913CBF7EC00D6229B /* Icon-Small.png */; };
		50FD6FCE13CBF7EC00D6229B /* Icon-Small@2x.png in Resources */ = {isa = PBXBuildFile; fileRef = 50FD6FCA13CBF7EC00D6229B /* Icon-Small@2x.png */; };
		50FD6FD113CBF7FD00D6229B /* Icon-72.png in Resources */ = {isa = PBXBuildFile; fileRef = 50FD6FCF13CBF7FD00D6229B /* Icon-72.png */; };
		50FD6FD213CBF7FD00D6229B /* Icon-Small-50.png in Resources */ = {isa = PBXBuildFile; fileRef = 50FD6FD013CBF7FD00D6229B /* Icon-Small-50.png */; };
/* End PBXBuildFile section */

/* Begin PBXFileReference section */
		500CC4DE13F9BA1200FED029 /* STCardDetailViewController.h */ = {isa = PBXFileReference; fileEncoding = 4; lastKnownFileType = sourcecode.c.h; path = STCardDetailViewController.h; sourceTree = "<group>"; };
		500CC4DF13F9BA1200FED029 /* STCardDetailViewController.m */ = {isa = PBXFileReference; fileEncoding = 4; lastKnownFileType = sourcecode.c.objc; path = STCardDetailViewController.m; sourceTree = "<group>"; };
		500CC54B13FA2BB800FED029 /* cardViewShortBackground.png */ = {isa = PBXFileReference; lastKnownFileType = image.png; name = cardViewShortBackground.png; path = Images/cardViewShortBackground.png; sourceTree = "<group>"; };
		500CC54C13FA2BB800FED029 /* cardViewShortBackground@2x.png */ = {isa = PBXFileReference; lastKnownFileType = image.png; name = "cardViewShortBackground@2x.png"; path = "Images/cardViewShortBackground@2x.png"; sourceTree = "<group>"; };
		500CC54F13FB114D00FED029 /* flipButton.png */ = {isa = PBXFileReference; lastKnownFileType = image.png; name = flipButton.png; path = Images/flipButton.png; sourceTree = "<group>"; };
		500CC55013FB114D00FED029 /* flipButton@2x.png */ = {isa = PBXFileReference; lastKnownFileType = image.png; name = "flipButton@2x.png"; path = "Images/flipButton@2x.png"; sourceTree = "<group>"; };
		500CC55113FB114D00FED029 /* flipButtonTapped.png */ = {isa = PBXFileReference; lastKnownFileType = image.png; name = flipButtonTapped.png; path = Images/flipButtonTapped.png; sourceTree = "<group>"; };
		500CC55213FB114D00FED029 /* flipButtonTapped@2x.png */ = {isa = PBXFileReference; lastKnownFileType = image.png; name = "flipButtonTapped@2x.png"; path = "Images/flipButtonTapped@2x.png"; sourceTree = "<group>"; };
		500E13D513F5C88A00FF2F38 /* STEmptyDataSetView.h */ = {isa = PBXFileReference; fileEncoding = 4; lastKnownFileType = sourcecode.c.h; name = STEmptyDataSetView.h; path = Stacks/Classes/STEmptyDataSetView.h; sourceTree = SOURCE_ROOT; };
		500E13D613F5C88A00FF2F38 /* STEmptyDataSetView.m */ = {isa = PBXFileReference; fileEncoding = 4; lastKnownFileType = sourcecode.c.objc; name = STEmptyDataSetView.m; path = Stacks/Classes/STEmptyDataSetView.m; sourceTree = SOURCE_ROOT; };
		500E13D813F5D3B300FF2F38 /* emptyDataSetViewOneButtonBackground.png */ = {isa = PBXFileReference; lastKnownFileType = image.png; name = emptyDataSetViewOneButtonBackground.png; path = Images/emptyDataSetViewOneButtonBackground.png; sourceTree = "<group>"; };
		500E13D913F5D3B300FF2F38 /* emptyDataSetViewOneButtonBackground@2x.png */ = {isa = PBXFileReference; lastKnownFileType = image.png; name = "emptyDataSetViewOneButtonBackground@2x.png"; path = "Images/emptyDataSetViewOneButtonBackground@2x.png"; sourceTree = "<group>"; };
		500E13DA13F5D3B300FF2F38 /* emptyDataSetViewTwoButtonsBackground.png */ = {isa = PBXFileReference; lastKnownFileType = image.png; name = emptyDataSetViewTwoButtonsBackground.png; path = Images/emptyDataSetViewTwoButtonsBackground.png; sourceTree = "<group>"; };
		500E13DB13F5D3B300FF2F38 /* emptyDataSetViewTwoButtonsBackground@2x.png */ = {isa = PBXFileReference; lastKnownFileType = image.png; name = "emptyDataSetViewTwoButtonsBackground@2x.png"; path = "Images/emptyDataSetViewTwoButtonsBackground@2x.png"; sourceTree = "<group>"; };
		500E13E013F5F0A000FF2F38 /* bottomButtonGlow.png */ = {isa = PBXFileReference; lastKnownFileType = image.png; name = bottomButtonGlow.png; path = Images/bottomButtonGlow.png; sourceTree = "<group>"; };
		500E13E113F5F0A000FF2F38 /* bottomButtonGlow@2x.png */ = {isa = PBXFileReference; lastKnownFileType = image.png; name = "bottomButtonGlow@2x.png"; path = "Images/bottomButtonGlow@2x.png"; sourceTree = "<group>"; };
		501527CB13F9A43000100EAC /* STCardView.h */ = {isa = PBXFileReference; fileEncoding = 4; lastKnownFileType = sourcecode.c.h; path = STCardView.h; sourceTree = "<group>"; };
		501527CC13F9A43000100EAC /* STCardView.m */ = {isa = PBXFileReference; fileEncoding = 4; lastKnownFileType = sourcecode.c.objc; path = STCardView.m; sourceTree = "<group>"; };
		501EA5FF13C8C803006DE75D /* Stacks.app */ = {isa = PBXFileReference; explicitFileType = wrapper.application; includeInIndex = 0; path = Stacks.app; sourceTree = BUILT_PRODUCTS_DIR; };
		501EA60313C8C803006DE75D /* UIKit.framework */ = {isa = PBXFileReference; lastKnownFileType = wrapper.framework; name = UIKit.framework; path = System/Library/Frameworks/UIKit.framework; sourceTree = SDKROOT; };
		501EA60513C8C803006DE75D /* Foundation.framework */ = {isa = PBXFileReference; lastKnownFileType = wrapper.framework; name = Foundation.framework; path = System/Library/Frameworks/Foundation.framework; sourceTree = SDKROOT; };
		501EA60713C8C803006DE75D /* CoreGraphics.framework */ = {isa = PBXFileReference; lastKnownFileType = wrapper.framework; name = CoreGraphics.framework; path = System/Library/Frameworks/CoreGraphics.framework; sourceTree = SDKROOT; };
		501EA60913C8C803006DE75D /* CoreData.framework */ = {isa = PBXFileReference; lastKnownFileType = wrapper.framework; name = CoreData.framework; path = System/Library/Frameworks/CoreData.framework; sourceTree = SDKROOT; };
		501EA60D13C8C803006DE75D /* Stacks-Info.plist */ = {isa = PBXFileReference; lastKnownFileType = text.plist.xml; path = "Stacks-Info.plist"; sourceTree = "<group>"; };
		501EA60F13C8C803006DE75D /* en */ = {isa = PBXFileReference; lastKnownFileType = text.plist.strings; name = en; path = en.lproj/InfoPlist.strings; sourceTree = "<group>"; };
		501EA61113C8C803006DE75D /* main.m */ = {isa = PBXFileReference; lastKnownFileType = sourcecode.c.objc; path = main.m; sourceTree = "<group>"; };
		501EA61313C8C803006DE75D /* Stacks-Prefix.pch */ = {isa = PBXFileReference; lastKnownFileType = sourcecode.c.h; path = "Stacks-Prefix.pch"; sourceTree = "<group>"; };
		501EA61813C8C803006DE75D /* Stacks.xcdatamodel */ = {isa = PBXFileReference; lastKnownFileType = wrapper.xcdatamodel; path = Stacks.xcdatamodel; sourceTree = "<group>"; };
		501EA62213C8C803006DE75D /* en */ = {isa = PBXFileReference; lastKnownFileType = file.xib; name = en; path = en.lproj/STRootViewController.xib; sourceTree = "<group>"; };
		501EA64A13C8C8CA006DE75D /* STRootViewController.h */ = {isa = PBXFileReference; fileEncoding = 4; lastKnownFileType = sourcecode.c.h; path = STRootViewController.h; sourceTree = "<group>"; };
		501EA64B13C8C8CA006DE75D /* STRootViewController.m */ = {isa = PBXFileReference; fileEncoding = 4; lastKnownFileType = sourcecode.c.objc; path = STRootViewController.m; sourceTree = "<group>"; };
		501EA64C13C8C8CA006DE75D /* StacksAppDelegate.h */ = {isa = PBXFileReference; fileEncoding = 4; lastKnownFileType = sourcecode.c.h; path = StacksAppDelegate.h; sourceTree = "<group>"; };
		501EA64D13C8C8CA006DE75D /* StacksAppDelegate.m */ = {isa = PBXFileReference; fileEncoding = 4; lastKnownFileType = sourcecode.c.objc; path = StacksAppDelegate.m; sourceTree = "<group>"; };
		501EA65413C8CA4F006DE75D /* STCard.h */ = {isa = PBXFileReference; fileEncoding = 4; lastKnownFileType = sourcecode.c.h; path = STCard.h; sourceTree = "<group>"; };
		501EA65513C8CA4F006DE75D /* STCard.m */ = {isa = PBXFileReference; fileEncoding = 4; lastKnownFileType = sourcecode.c.objc; path = STCard.m; sourceTree = "<group>"; };
		501EA65713C8CA4F006DE75D /* STStack.h */ = {isa = PBXFileReference; fileEncoding = 4; lastKnownFileType = sourcecode.c.h; path = STStack.h; sourceTree = "<group>"; };
		501EA65813C8CA4F006DE75D /* STStack.m */ = {isa = PBXFileReference; fileEncoding = 4; lastKnownFileType = sourcecode.c.objc; path = STStack.m; sourceTree = "<group>"; };
		502BCAFF13CABA9000A0D9C7 /* Stacks.entitlements */ = {isa = PBXFileReference; fileEncoding = 4; lastKnownFileType = text.xml; path = Stacks.entitlements; sourceTree = "<group>"; };
		504A3E1313F1D75000465C64 /* barBackground.png */ = {isa = PBXFileReference; lastKnownFileType = image.png; name = barBackground.png; path = Images/barBackground.png; sourceTree = "<group>"; };
		504A3E1413F1D75000465C64 /* barBackground@2x.png */ = {isa = PBXFileReference; lastKnownFileType = image.png; name = "barBackground@2x.png"; path = "Images/barBackground@2x.png"; sourceTree = "<group>"; };
		504A3E1713F1D81300465C64 /* backBarButtonItemBackground@2x.png */ = {isa = PBXFileReference; lastKnownFileType = image.png; name = "backBarButtonItemBackground@2x.png"; path = "Images/backBarButtonItemBackground@2x.png"; sourceTree = "<group>"; };
		504A3E1813F1D81300465C64 /* barButtonItemBackground@2x.png */ = {isa = PBXFileReference; lastKnownFileType = image.png; name = "barButtonItemBackground@2x.png"; path = "Images/barButtonItemBackground@2x.png"; sourceTree = "<group>"; };
		504A3E1B13F1DA1000465C64 /* backBarButtonItemBackground.png */ = {isa = PBXFileReference; lastKnownFileType = image.png; name = backBarButtonItemBackground.png; path = Images/backBarButtonItemBackground.png; sourceTree = "<group>"; };
		504A3E1C13F1DA1000465C64 /* barButtonItemBackground.png */ = {isa = PBXFileReference; lastKnownFileType = image.png; name = barButtonItemBackground.png; path = Images/barButtonItemBackground.png; sourceTree = "<group>"; };
		504A3E1F13F1DAB000465C64 /* FreestyleScriptEF-Reg.ttf */ = {isa = PBXFileReference; lastKnownFileType = file; path = "FreestyleScriptEF-Reg.ttf"; sourceTree = "<group>"; };
		504A3E2713F1DC7600465C64 /* barButtonItemHighlightedBackground@2x.png */ = {isa = PBXFileReference; lastKnownFileType = image.png; name = "barButtonItemHighlightedBackground@2x.png"; path = "Images/barButtonItemHighlightedBackground@2x.png"; sourceTree = "<group>"; };
		504A3E2913F1E15500465C64 /* barButtonItemHighlightedBackground.png */ = {isa = PBXFileReference; lastKnownFileType = image.png; name = barButtonItemHighlightedBackground.png; path = Images/barButtonItemHighlightedBackground.png; sourceTree = "<group>"; };
		504A3E2B13F1E5C500465C64 /* settingsIcon.png */ = {isa = PBXFileReference; lastKnownFileType = image.png; name = settingsIcon.png; path = Images/settingsIcon.png; sourceTree = "<group>"; };
		504A3E2C13F1E5C500465C64 /* settingsIcon@2x.png */ = {isa = PBXFileReference; lastKnownFileType = image.png; name = "settingsIcon@2x.png"; path = "Images/settingsIcon@2x.png"; sourceTree = "<group>"; };
		504E4DF9143F60E300C6E232 /* STNewCardViewController.h */ = {isa = PBXFileReference; fileEncoding = 4; lastKnownFileType = sourcecode.c.h; name = STNewCardViewController.h; path = Stacks/Classes/STNewCardViewController.h; sourceTree = SOURCE_ROOT; };
		504E4DFA143F60E300C6E232 /* STNewCardViewController.m */ = {isa = PBXFileReference; fileEncoding = 4; lastKnownFileType = sourcecode.c.objc; name = STNewCardViewController.m; path = Stacks/Classes/STNewCardViewController.m; sourceTree = SOURCE_ROOT; };
		5056D82D1412D8DB00E082B3 /* STNewStackViewController.h */ = {isa = PBXFileReference; fileEncoding = 4; lastKnownFileType = sourcecode.c.h; name = STNewStackViewController.h; path = Stacks/Classes/STNewStackViewController.h; sourceTree = SOURCE_ROOT; };
		5056D82E1412D8DB00E082B3 /* STNewStackViewController.m */ = {isa = PBXFileReference; fileEncoding = 4; lastKnownFileType = sourcecode.c.objc; name = STNewStackViewController.m; path = Stacks/Classes/STNewStackViewController.m; sourceTree = SOURCE_ROOT; };
		505B3DEE13F231AC007C4A17 /* STStackCell.h */ = {isa = PBXFileReference; fileEncoding = 4; lastKnownFileType = sourcecode.c.h; path = STStackCell.h; sourceTree = "<group>"; };
		505B3DEF13F231AC007C4A17 /* STStackCell.m */ = {isa = PBXFileReference; fileEncoding = 4; lastKnownFileType = sourcecode.c.objc; path = STStackCell.m; sourceTree = "<group>"; };
		505C828313F723490003F864 /* STStackDetailViewController.h */ = {isa = PBXFileReference; fileEncoding = 4; lastKnownFileType = sourcecode.c.h; path = STStackDetailViewController.h; sourceTree = "<group>"; };
		505C828413F723490003F864 /* STStackDetailViewController.m */ = {isa = PBXFileReference; fileEncoding = 4; lastKnownFileType = sourcecode.c.objc; path = STStackDetailViewController.m; sourceTree = "<group>"; };
		505C828513F723490003F864 /* STStackDetailViewController.xib */ = {isa = PBXFileReference; fileEncoding = 4; lastKnownFileType = file.xib; name = STStackDetailViewController.xib; path = ../Classes/STStackDetailViewController.xib; sourceTree = "<group>"; };
		505C828813F72F660003F864 /* greenButtonBackground.png */ = {isa = PBXFileReference; lastKnownFileType = image.png; name = greenButtonBackground.png; path = Images/greenButtonBackground.png; sourceTree = "<group>"; };
		505C828913F72F660003F864 /* greenButtonBackground@2x.png */ = {isa = PBXFileReference; lastKnownFileType = image.png; name = "greenButtonBackground@2x.png"; path = "Images/greenButtonBackground@2x.png"; sourceTree = "<group>"; };
		505C828A13F72F660003F864 /* greenButtonTappedBackground.png */ = {isa = PBXFileReference; lastKnownFileType = image.png; name = greenButtonTappedBackground.png; path = Images/greenButtonTappedBackground.png; sourceTree = "<group>"; };
		505C828B13F72F660003F864 /* greenButtonTappedBackground@2x.png */ = {isa = PBXFileReference; lastKnownFileType = image.png; name = "greenButtonTappedBackground@2x.png"; path = "Images/greenButtonTappedBackground@2x.png"; sourceTree = "<group>"; };
		505C829013F74BA30003F864 /* STCardCell.h */ = {isa = PBXFileReference; fileEncoding = 4; lastKnownFileType = sourcecode.c.h; path = STCardCell.h; sourceTree = "<group>"; };
		505C829113F74BA30003F864 /* STCardCell.m */ = {isa = PBXFileReference; fileEncoding = 4; lastKnownFileType = sourcecode.c.objc; path = STCardCell.m; sourceTree = "<group>"; };
		505C829313F754120003F864 /* cardCellBackground.png */ = {isa = PBXFileReference; lastKnownFileType = image.png; name = cardCellBackground.png; path = Images/cardCellBackground.png; sourceTree = "<group>"; };
		505C829413F754120003F864 /* cardCellBackground@2x.png */ = {isa = PBXFileReference; lastKnownFileType = image.png; name = "cardCellBackground@2x.png"; path = "Images/cardCellBackground@2x.png"; sourceTree = "<group>"; };
		505C829513F754120003F864 /* cardCellSelectedBackground.png */ = {isa = PBXFileReference; lastKnownFileType = image.png; name = cardCellSelectedBackground.png; path = Images/cardCellSelectedBackground.png; sourceTree = "<group>"; };
		505C829613F754120003F864 /* cardCellSelectedBackground@2x.png */ = {isa = PBXFileReference; lastKnownFileType = image.png; name = "cardCellSelectedBackground@2x.png"; path = "Images/cardCellSelectedBackground@2x.png"; sourceTree = "<group>"; };
		5076B6891412AFC9006AE55F /* STTextField.h */ = {isa = PBXFileReference; fileEncoding = 4; lastKnownFileType = sourcecode.c.h; path = STTextField.h; sourceTree = "<group>"; };
		5076B68A1412AFC9006AE55F /* STTextField.m */ = {isa = PBXFileReference; fileEncoding = 4; lastKnownFileType = sourcecode.c.objc; path = STTextField.m; sourceTree = "<group>"; };
		5076B68D1412B07D006AE55F /* textFieldBackground@2x.png */ = {isa = PBXFileReference; lastKnownFileType = image.png; name = "textFieldBackground@2x.png"; path = "Images/textFieldBackground@2x.png"; sourceTree = "<group>"; };
		5076B68F1412B35E006AE55F /* textFieldBackground.png */ = {isa = PBXFileReference; lastKnownFileType = image.png; name = textFieldBackground.png; path = Images/textFieldBackground.png; sourceTree = "<group>"; };
		50790B7313F2E3F1001C68E9 /* stackCellSelectedBackground@2x.png */ = {isa = PBXFileReference; lastKnownFileType = image.png; name = "stackCellSelectedBackground@2x.png"; path = "Images/stackCellSelectedBackground@2x.png"; sourceTree = "<group>"; };
		50790B7613F2E98F001C68E9 /* disclosureIndicator.png */ = {isa = PBXFileReference; lastKnownFileType = image.png; name = disclosureIndicator.png; path = Images/disclosureIndicator.png; sourceTree = "<group>"; };
		50790B7713F2E98F001C68E9 /* disclosureIndicator@2x.png */ = {isa = PBXFileReference; lastKnownFileType = image.png; name = "disclosureIndicator@2x.png"; path = "Images/disclosureIndicator@2x.png"; sourceTree = "<group>"; };
		50790B7A13F3A1A7001C68E9 /* stackCellBackground.png */ = {isa = PBXFileReference; lastKnownFileType = image.png; name = stackCellBackground.png; path = Images/stackCellBackground.png; sourceTree = "<group>"; };
		50790B7C13F3A1AF001C68E9 /* stackCellSelectedBackground.png */ = {isa = PBXFileReference; lastKnownFileType = image.png; name = stackCellSelectedBackground.png; path = Images/stackCellSelectedBackground.png; sourceTree = "<group>"; };
		50790B7E13F3A1BC001C68E9 /* blueButtonBackground.png */ = {isa = PBXFileReference; lastKnownFileType = image.png; name = blueButtonBackground.png; path = Images/blueButtonBackground.png; sourceTree = "<group>"; };
		50790B7F13F3A1BC001C68E9 /* blueButtonBackground@2x.png */ = {isa = PBXFileReference; lastKnownFileType = image.png; name = "blueButtonBackground@2x.png"; path = "Images/blueButtonBackground@2x.png"; sourceTree = "<group>"; };
		50790B8013F3A1BC001C68E9 /* blueButtonTappedBackground.png */ = {isa = PBXFileReference; lastKnownFileType = image.png; name = blueButtonTappedBackground.png; path = Images/blueButtonTappedBackground.png; sourceTree = "<group>"; };
		50790B8113F3A1BD001C68E9 /* blueButtonTappedBackground@2x.png */ = {isa = PBXFileReference; lastKnownFileType = image.png; name = "blueButtonTappedBackground@2x.png"; path = "Images/blueButtonTappedBackground@2x.png"; sourceTree = "<group>"; };
		50790B8A13F3A7B3001C68E9 /* STButton.h */ = {isa = PBXFileReference; fileEncoding = 4; lastKnownFileType = sourcecode.c.h; path = STButton.h; sourceTree = "<group>"; };
		50790B8B13F3A7B3001C68E9 /* STButton.m */ = {isa = PBXFileReference; fileEncoding = 4; lastKnownFileType = sourcecode.c.objc; path = STButton.m; sourceTree = "<group>"; };
		50B55F2813CBD44100DBB00A /* STCommonDefinitions.h */ = {isa = PBXFileReference; fileEncoding = 4; lastKnownFileType = sourcecode.c.h; path = STCommonDefinitions.h; sourceTree = "<group>"; };
		50C171991454A20600FE8E17 /* STStudyViewController.h */ = {isa = PBXFileReference; fileEncoding = 4; lastKnownFileType = sourcecode.c.h; path = STStudyViewController.h; sourceTree = "<group>"; };
		50C1719A1454A20600FE8E17 /* STStudyViewController.m */ = {isa = PBXFileReference; fileEncoding = 4; lastKnownFileType = sourcecode.c.objc; path = STStudyViewController.m; sourceTree = "<group>"; };
		50C1719D1454AA9C00FE8E17 /* studyViewBackground@2x.png */ = {isa = PBXFileReference; lastKnownFileType = image.png; path = "studyViewBackground@2x.png"; sourceTree = "<group>"; };
		50C1719E1454AA9C00FE8E17 /* studyViewBackground.png */ = {isa = PBXFileReference; lastKnownFileType = image.png; path = studyViewBackground.png; sourceTree = "<group>"; };
		50C171A11454B62300FE8E17 /* studyViewArrow.png */ = {isa = PBXFileReference; lastKnownFileType = image.png; path = studyViewArrow.png; sourceTree = "<group>"; };
		50C171A21454B62400FE8E17 /* studyViewArrow@2x.png */ = {isa = PBXFileReference; lastKnownFileType = image.png; path = "studyViewArrow@2x.png"; sourceTree = "<group>"; };
		50CEB51513F5B6D400DF6EC1 /* QuartzCore.framework */ = {isa = PBXFileReference; lastKnownFileType = wrapper.framework; name = QuartzCore.framework; path = System/Library/Frameworks/QuartzCore.framework; sourceTree = SDKROOT; };
		50DC9F0213FCB20B001758BC /* STLabel.h */ = {isa = PBXFileReference; fileEncoding = 4; lastKnownFileType = sourcecode.c.h; path = STLabel.h; sourceTree = "<group>"; };
		50DC9F0313FCB20B001758BC /* STLabel.m */ = {isa = PBXFileReference; fileEncoding = 4; lastKnownFileType = sourcecode.c.objc; path = STLabel.m; sourceTree = "<group>"; };
		50FC06A313F2453B00C6C43C /* stackCellBackground@2x.png */ = {isa = PBXFileReference; lastKnownFileType = image.png; name = "stackCellBackground@2x.png"; path = "Images/stackCellBackground@2x.png"; sourceTree = "<group>"; };
		50FC06AA13F24CF700C6C43C /* backgroundTexture.png */ = {isa = PBXFileReference; lastKnownFileType = image.png; name = backgroundTexture.png; path = Images/backgroundTexture.png; sourceTree = "<group>"; };
		50FC06AB13F24CF800C6C43C /* backgroundTexture@2x.png */ = {isa = PBXFileReference; lastKnownFileType = image.png; name = "backgroundTexture@2x.png"; path = "Images/backgroundTexture@2x.png"; sourceTree = "<group>"; };
		50FD6FC713CBF7EC00D6229B /* Icon.png */ = {isa = PBXFileReference; lastKnownFileType = image.png; path = Icon.png; sourceTree = SOURCE_ROOT; };
		50FD6FC813CBF7EC00D6229B /* Icon@2x.png */ = {isa = PBXFileReference; lastKnownFileType = image.png; path = "Icon@2x.png"; sourceTree = SOURCE_ROOT; };
		50FD6FC913CBF7EC00D6229B /* Icon-Small.png */ = {isa = PBXFileReference; lastKnownFileType = image.png; name = "Icon-Small.png"; path = "Stacks/Icon-Small.png"; sourceTree = SOURCE_ROOT; };
		50FD6FCA13CBF7EC00D6229B /* Icon-Small@2x.png */ = {isa = PBXFileReference; lastKnownFileType = image.png; name = "Icon-Small@2x.png"; path = "Stacks/Icon-Small@2x.png"; sourceTree = SOURCE_ROOT; };
		50FD6FCF13CBF7FD00D6229B /* Icon-72.png */ = {isa = PBXFileReference; lastKnownFileType = image.png; name = "Icon-72.png"; path = "Stacks/Icon-72.png"; sourceTree = SOURCE_ROOT; };
		50FD6FD013CBF7FD00D6229B /* Icon-Small-50.png */ = {isa = PBXFileReference; lastKnownFileType = image.png; name = "Icon-Small-50.png"; path = "Stacks/Icon-Small-50.png"; sourceTree = SOURCE_ROOT; };
/* End PBXFileReference section */

/* Begin PBXFrameworksBuildPhase section */
		501EA5FC13C8C803006DE75D /* Frameworks */ = {
			isa = PBXFrameworksBuildPhase;
			buildActionMask = 2147483647;
			files = (
				50CEB51613F5B6D400DF6EC1 /* QuartzCore.framework in Frameworks */,
				501EA60413C8C803006DE75D /* UIKit.framework in Frameworks */,
				501EA60613C8C803006DE75D /* Foundation.framework in Frameworks */,
				501EA60813C8C803006DE75D /* CoreGraphics.framework in Frameworks */,
				501EA60A13C8C803006DE75D /* CoreData.framework in Frameworks */,
			);
			runOnlyForDeploymentPostprocessing = 0;
		};
/* End PBXFrameworksBuildPhase section */

/* Begin PBXGroup section */
		501EA5F413C8C803006DE75D = {
			isa = PBXGroup;
			children = (
				501EA60B13C8C803006DE75D /* Stacks */,
				501EA60213C8C803006DE75D /* Frameworks */,
				501EA60013C8C803006DE75D /* Products */,
			);
			sourceTree = "<group>";
		};
		501EA60013C8C803006DE75D /* Products */ = {
			isa = PBXGroup;
			children = (
				501EA5FF13C8C803006DE75D /* Stacks.app */,
			);
			name = Products;
			sourceTree = "<group>";
		};
		501EA60213C8C803006DE75D /* Frameworks */ = {
			isa = PBXGroup;
			children = (
				50CEB51513F5B6D400DF6EC1 /* QuartzCore.framework */,
				501EA60313C8C803006DE75D /* UIKit.framework */,
				501EA60513C8C803006DE75D /* Foundation.framework */,
				501EA60713C8C803006DE75D /* CoreGraphics.framework */,
				501EA60913C8C803006DE75D /* CoreData.framework */,
			);
			name = Frameworks;
			sourceTree = "<group>";
		};
		501EA60B13C8C803006DE75D /* Stacks */ = {
			isa = PBXGroup;
			children = (
				501EA64713C8C8CA006DE75D /* Classes */,
				501EA65113C8C8DD006DE75D /* Resources */,
				501EA60C13C8C803006DE75D /* Supporting Files */,
			);
			path = Stacks;
			sourceTree = "<group>";
		};
		501EA60C13C8C803006DE75D /* Supporting Files */ = {
			isa = PBXGroup;
			children = (
				502BCAFF13CABA9000A0D9C7 /* Stacks.entitlements */,
				501EA61713C8C803006DE75D /* Stacks.xcdatamodeld */,
				501EA60D13C8C803006DE75D /* Stacks-Info.plist */,
				501EA60E13C8C803006DE75D /* InfoPlist.strings */,
				501EA61113C8C803006DE75D /* main.m */,
				501EA61313C8C803006DE75D /* Stacks-Prefix.pch */,
			);
			name = "Supporting Files";
			sourceTree = "<group>";
		};
		501EA64713C8C8CA006DE75D /* Classes */ = {
			isa = PBXGroup;
			children = (
				505B3DF213F231B1007C4A17 /* Views */,
				501EA65C13C8CAA6006DE75D /* Delegates */,
				501EA65A13C8CA83006DE75D /* Models */,
				501EA65B13C8CA95006DE75D /* ViewControllers */,
			);
			path = Classes;
			sourceTree = "<group>";
		};
		501EA65113C8C8DD006DE75D /* Resources */ = {
			isa = PBXGroup;
			children = (
				504A3E1F13F1DAB000465C64 /* FreestyleScriptEF-Reg.ttf */,
				50B55F2813CBD44100DBB00A /* STCommonDefinitions.h */,
				501EA66213C8CCC0006DE75D /* Icons */,
				501EA65213C8C929006DE75D /* Images */,
				501EA65313C8C937006DE75D /* Nibs */,
			);
			path = Resources;
			sourceTree = "<group>";
		};
		501EA65213C8C929006DE75D /* Images */ = {
			isa = PBXGroup;
			children = (
				504A3E1B13F1DA1000465C64 /* backBarButtonItemBackground.png */,
				504A3E1713F1D81300465C64 /* backBarButtonItemBackground@2x.png */,
				50FC06AA13F24CF700C6C43C /* backgroundTexture.png */,
				50FC06AB13F24CF800C6C43C /* backgroundTexture@2x.png */,
				504A3E1313F1D75000465C64 /* barBackground.png */,
				504A3E1413F1D75000465C64 /* barBackground@2x.png */,
				504A3E1C13F1DA1000465C64 /* barButtonItemBackground.png */,
				504A3E1813F1D81300465C64 /* barButtonItemBackground@2x.png */,
				504A3E2913F1E15500465C64 /* barButtonItemHighlightedBackground.png */,
				504A3E2713F1DC7600465C64 /* barButtonItemHighlightedBackground@2x.png */,
				50790B7E13F3A1BC001C68E9 /* blueButtonBackground.png */,
				50790B7F13F3A1BC001C68E9 /* blueButtonBackground@2x.png */,
				50790B8013F3A1BC001C68E9 /* blueButtonTappedBackground.png */,
				50790B8113F3A1BD001C68E9 /* blueButtonTappedBackground@2x.png */,
				500E13E013F5F0A000FF2F38 /* bottomButtonGlow.png */,
				500E13E113F5F0A000FF2F38 /* bottomButtonGlow@2x.png */,
				505C829313F754120003F864 /* cardCellBackground.png */,
				505C829413F754120003F864 /* cardCellBackground@2x.png */,
				505C829513F754120003F864 /* cardCellSelectedBackground.png */,
				505C829613F754120003F864 /* cardCellSelectedBackground@2x.png */,
				500CC54B13FA2BB800FED029 /* cardViewShortBackground.png */,
				500CC54C13FA2BB800FED029 /* cardViewShortBackground@2x.png */,
				50790B7613F2E98F001C68E9 /* disclosureIndicator.png */,
				50790B7713F2E98F001C68E9 /* disclosureIndicator@2x.png */,
				500E13D813F5D3B300FF2F38 /* emptyDataSetViewOneButtonBackground.png */,
				500E13D913F5D3B300FF2F38 /* emptyDataSetViewOneButtonBackground@2x.png */,
				500E13DA13F5D3B300FF2F38 /* emptyDataSetViewTwoButtonsBackground.png */,
				500E13DB13F5D3B300FF2F38 /* emptyDataSetViewTwoButtonsBackground@2x.png */,
				500CC54F13FB114D00FED029 /* flipButton.png */,
				500CC55013FB114D00FED029 /* flipButton@2x.png */,
				500CC55113FB114D00FED029 /* flipButtonTapped.png */,
				500CC55213FB114D00FED029 /* flipButtonTapped@2x.png */,
				505C828813F72F660003F864 /* greenButtonBackground.png */,
				505C828913F72F660003F864 /* greenButtonBackground@2x.png */,
				505C828A13F72F660003F864 /* greenButtonTappedBackground.png */,
				505C828B13F72F660003F864 /* greenButtonTappedBackground@2x.png */,
				504A3E2B13F1E5C500465C64 /* settingsIcon.png */,
				504A3E2C13F1E5C500465C64 /* settingsIcon@2x.png */,
				50790B7A13F3A1A7001C68E9 /* stackCellBackground.png */,
				50FC06A313F2453B00C6C43C /* stackCellBackground@2x.png */,
				50790B7C13F3A1AF001C68E9 /* stackCellSelectedBackground.png */,
				50790B7313F2E3F1001C68E9 /* stackCellSelectedBackground@2x.png */,
				50C171A11454B62300FE8E17 /* studyViewArrow.png */,
				50C171A21454B62400FE8E17 /* studyViewArrow@2x.png */,
				50C1719E1454AA9C00FE8E17 /* studyViewBackground.png */,
				50C1719D1454AA9C00FE8E17 /* studyViewBackground@2x.png */,
				5076B68F1412B35E006AE55F /* textFieldBackground.png */,
				5076B68D1412B07D006AE55F /* textFieldBackground@2x.png */,
			);
			name = Images;
			sourceTree = "<group>";
		};
		501EA65313C8C937006DE75D /* Nibs */ = {
			isa = PBXGroup;
			children = (
				501EA62113C8C803006DE75D /* STRootViewController.xib */,
				505C828513F723490003F864 /* STStackDetailViewController.xib */,
			);
			name = Nibs;
			sourceTree = "<group>";
		};
		501EA65A13C8CA83006DE75D /* Models */ = {
			isa = PBXGroup;
			children = (
				501EA65413C8CA4F006DE75D /* STCard.h */,
				501EA65513C8CA4F006DE75D /* STCard.m */,
				501EA65713C8CA4F006DE75D /* STStack.h */,
				501EA65813C8CA4F006DE75D /* STStack.m */,
			);
			name = Models;
			sourceTree = "<group>";
		};
		501EA65B13C8CA95006DE75D /* ViewControllers */ = {
			isa = PBXGroup;
			children = (
				500CC4DE13F9BA1200FED029 /* STCardDetailViewController.h */,
				500CC4DF13F9BA1200FED029 /* STCardDetailViewController.m */,
				504E4DF9143F60E300C6E232 /* STNewCardViewController.h */,
				504E4DFA143F60E300C6E232 /* STNewCardViewController.m */,
				5056D82D1412D8DB00E082B3 /* STNewStackViewController.h */,
				5056D82E1412D8DB00E082B3 /* STNewStackViewController.m */,
				501EA64A13C8C8CA006DE75D /* STRootViewController.h */,
				501EA64B13C8C8CA006DE75D /* STRootViewController.m */,
				505C828313F723490003F864 /* STStackDetailViewController.h */,
				505C828413F723490003F864 /* STStackDetailViewController.m */,
				50C171991454A20600FE8E17 /* STStudyViewController.h */,
				50C1719A1454A20600FE8E17 /* STStudyViewController.m */,
			);
			name = ViewControllers;
			sourceTree = "<group>";
		};
		501EA65C13C8CAA6006DE75D /* Delegates */ = {
			isa = PBXGroup;
			children = (
				501EA64C13C8C8CA006DE75D /* StacksAppDelegate.h */,
				501EA64D13C8C8CA006DE75D /* StacksAppDelegate.m */,
			);
			name = Delegates;
			sourceTree = "<group>";
		};
		501EA66213C8CCC0006DE75D /* Icons */ = {
			isa = PBXGroup;
			children = (
				50FD6FD013CBF7FD00D6229B /* Icon-Small-50.png */,
				50FD6FC713CBF7EC00D6229B /* Icon.png */,
				50FD6FC813CBF7EC00D6229B /* Icon@2x.png */,
				50FD6FC913CBF7EC00D6229B /* Icon-Small.png */,
				50FD6FCA13CBF7EC00D6229B /* Icon-Small@2x.png */,
				50FD6FCF13CBF7FD00D6229B /* Icon-72.png */,
			);
			path = Icons;
			sourceTree = "<group>";
		};
		505B3DF213F231B1007C4A17 /* Views */ = {
			isa = PBXGroup;
			children = (
				50790B8A13F3A7B3001C68E9 /* STButton.h */,
				50790B8B13F3A7B3001C68E9 /* STButton.m */,
				505C829013F74BA30003F864 /* STCardCell.h */,
				505C829113F74BA30003F864 /* STCardCell.m */,
				501527CB13F9A43000100EAC /* STCardView.h */,
				501527CC13F9A43000100EAC /* STCardView.m */,
				500E13D513F5C88A00FF2F38 /* STEmptyDataSetView.h */,
				500E13D613F5C88A00FF2F38 /* STEmptyDataSetView.m */,
				50DC9F0213FCB20B001758BC /* STLabel.h */,
				50DC9F0313FCB20B001758BC /* STLabel.m */,
				505B3DEE13F231AC007C4A17 /* STStackCell.h */,
				505B3DEF13F231AC007C4A17 /* STStackCell.m */,
				5076B6891412AFC9006AE55F /* STTextField.h */,
				5076B68A1412AFC9006AE55F /* STTextField.m */,
			);
			name = Views;
			sourceTree = "<group>";
		};
/* End PBXGroup section */

/* Begin PBXNativeTarget section */
		501EA5FE13C8C803006DE75D /* Stacks */ = {
			isa = PBXNativeTarget;
			buildConfigurationList = 501EA62913C8C803006DE75D /* Build configuration list for PBXNativeTarget "Stacks" */;
			buildPhases = (
				501EA5FB13C8C803006DE75D /* Sources */,
				501EA5FC13C8C803006DE75D /* Frameworks */,
				501EA5FD13C8C803006DE75D /* Resources */,
			);
			buildRules = (
			);
			dependencies = (
			);
			name = Stacks;
			productName = Stacks;
			productReference = 501EA5FF13C8C803006DE75D /* Stacks.app */;
			productType = "com.apple.product-type.application";
		};
/* End PBXNativeTarget section */

/* Begin PBXProject section */
		501EA5F613C8C803006DE75D /* Project object */ = {
			isa = PBXProject;
			attributes = {
				LastUpgradeCheck = 0420;
			};
			buildConfigurationList = 501EA5F913C8C803006DE75D /* Build configuration list for PBXProject "Stacks" */;
			compatibilityVersion = "Xcode 3.2";
			developmentRegion = English;
			hasScannedForEncodings = 0;
			knownRegions = (
				en,
			);
			mainGroup = 501EA5F413C8C803006DE75D;
			productRefGroup = 501EA60013C8C803006DE75D /* Products */;
			projectDirPath = "";
			projectRoot = "";
			targets = (
				501EA5FE13C8C803006DE75D /* Stacks */,
			);
		};
/* End PBXProject section */

/* Begin PBXResourcesBuildPhase section */
		501EA5FD13C8C803006DE75D /* Resources */ = {
			isa = PBXResourcesBuildPhase;
			buildActionMask = 2147483647;
			files = (
				501EA61013C8C803006DE75D /* InfoPlist.strings in Resources */,
				501EA62313C8C803006DE75D /* STRootViewController.xib in Resources */,
				502BCB0013CABA9000A0D9C7 /* Stacks.entitlements in Resources */,
				50FD6FCB13CBF7EC00D6229B /* Icon.png in Resources */,
				50FD6FCC13CBF7EC00D6229B /* Icon@2x.png in Resources */,
				50FD6FCD13CBF7EC00D6229B /* Icon-Small.png in Resources */,
				50FD6FCE13CBF7EC00D6229B /* Icon-Small@2x.png in Resources */,
				50FD6FD113CBF7FD00D6229B /* Icon-72.png in Resources */,
				50FD6FD213CBF7FD00D6229B /* Icon-Small-50.png in Resources */,
				504A3E1513F1D75000465C64 /* barBackground.png in Resources */,
				504A3E1613F1D75000465C64 /* barBackground@2x.png in Resources */,
				504A3E1913F1D81300465C64 /* backBarButtonItemBackground@2x.png in Resources */,
				504A3E1A13F1D81300465C64 /* barButtonItemBackground@2x.png in Resources */,
				504A3E1D13F1DA1000465C64 /* backBarButtonItemBackground.png in Resources */,
				504A3E1E13F1DA1000465C64 /* barButtonItemBackground.png in Resources */,
				504A3E2013F1DAB000465C64 /* FreestyleScriptEF-Reg.ttf in Resources */,
				504A3E2813F1DC7600465C64 /* barButtonItemHighlightedBackground@2x.png in Resources */,
				504A3E2A13F1E15500465C64 /* barButtonItemHighlightedBackground.png in Resources */,
				504A3E2D13F1E5C500465C64 /* settingsIcon.png in Resources */,
				504A3E2E13F1E5C500465C64 /* settingsIcon@2x.png in Resources */,
				50FC06A413F2453B00C6C43C /* stackCellBackground@2x.png in Resources */,
				50FC06AC13F24CF800C6C43C /* backgroundTexture.png in Resources */,
				50FC06AD13F24CF800C6C43C /* backgroundTexture@2x.png in Resources */,
				50790B7413F2E3F1001C68E9 /* stackCellSelectedBackground@2x.png in Resources */,
				50790B7813F2E98F001C68E9 /* disclosureIndicator.png in Resources */,
				50790B7913F2E98F001C68E9 /* disclosureIndicator@2x.png in Resources */,
				50790B7B13F3A1A7001C68E9 /* stackCellBackground.png in Resources */,
				50790B7D13F3A1AF001C68E9 /* stackCellSelectedBackground.png in Resources */,
				50790B8213F3A1BD001C68E9 /* blueButtonBackground.png in Resources */,
				50790B8313F3A1BD001C68E9 /* blueButtonBackground@2x.png in Resources */,
				50790B8413F3A1BD001C68E9 /* blueButtonTappedBackground.png in Resources */,
				50790B8513F3A1BD001C68E9 /* blueButtonTappedBackground@2x.png in Resources */,
				500E13DC13F5D3B300FF2F38 /* emptyDataSetViewOneButtonBackground.png in Resources */,
				500E13DD13F5D3B300FF2F38 /* emptyDataSetViewOneButtonBackground@2x.png in Resources */,
				500E13DE13F5D3B300FF2F38 /* emptyDataSetViewTwoButtonsBackground.png in Resources */,
				500E13DF13F5D3B300FF2F38 /* emptyDataSetViewTwoButtonsBackground@2x.png in Resources */,
				500E13E213F5F0A000FF2F38 /* bottomButtonGlow.png in Resources */,
				500E13E313F5F0A000FF2F38 /* bottomButtonGlow@2x.png in Resources */,
				505C828713F723490003F864 /* STStackDetailViewController.xib in Resources */,
				505C828C13F72F660003F864 /* greenButtonBackground.png in Resources */,
				505C828D13F72F660003F864 /* greenButtonBackground@2x.png in Resources */,
				505C828E13F72F660003F864 /* greenButtonTappedBackground.png in Resources */,
				505C828F13F72F660003F864 /* greenButtonTappedBackground@2x.png in Resources */,
				505C829713F754120003F864 /* cardCellBackground.png in Resources */,
				505C829813F754120003F864 /* cardCellBackground@2x.png in Resources */,
				505C829913F754120003F864 /* cardCellSelectedBackground.png in Resources */,
				505C829A13F754120003F864 /* cardCellSelectedBackground@2x.png in Resources */,
				500CC54D13FA2BB800FED029 /* cardViewShortBackground.png in Resources */,
				500CC54E13FA2BB800FED029 /* cardViewShortBackground@2x.png in Resources */,
				500CC55313FB114D00FED029 /* flipButton.png in Resources */,
				500CC55413FB114D00FED029 /* flipButton@2x.png in Resources */,
				500CC55513FB114D00FED029 /* flipButtonTapped.png in Resources */,
				500CC55613FB114D00FED029 /* flipButtonTapped@2x.png in Resources */,
				5076B68E1412B07D006AE55F /* textFieldBackground@2x.png in Resources */,
				5076B6901412B35E006AE55F /* textFieldBackground.png in Resources */,
				50C1719F1454AA9C00FE8E17 /* studyViewBackground@2x.png in Resources */,
				50C171A01454AA9C00FE8E17 /* studyViewBackground.png in Resources */,
				50C171A31454B62400FE8E17 /* studyViewArrow.png in Resources */,
				50C171A41454B62400FE8E17 /* studyViewArrow@2x.png in Resources */,
			);
			runOnlyForDeploymentPostprocessing = 0;
		};
/* End PBXResourcesBuildPhase section */

/* Begin PBXSourcesBuildPhase section */
		501EA5FB13C8C803006DE75D /* Sources */ = {
			isa = PBXSourcesBuildPhase;
			buildActionMask = 2147483647;
			files = (
				501EA61213C8C803006DE75D /* main.m in Sources */,
				501EA61913C8C803006DE75D /* Stacks.xcdatamodeld in Sources */,
				501EA64F13C8C8CA006DE75D /* STRootViewController.m in Sources */,
				501EA65013C8C8CA006DE75D /* StacksAppDelegate.m in Sources */,
				501EA65613C8CA4F006DE75D /* STCard.m in Sources */,
				501EA65913C8CA4F006DE75D /* STStack.m in Sources */,
				505B3DF013F231AC007C4A17 /* STStackCell.m in Sources */,
				50790B8C13F3A7B3001C68E9 /* STButton.m in Sources */,
				500E13D713F5C88A00FF2F38 /* STEmptyDataSetView.m in Sources */,
				505C828613F723490003F864 /* STStackDetailViewController.m in Sources */,
				505C829213F74BA30003F864 /* STCardCell.m in Sources */,
				501527CD13F9A43000100EAC /* STCardView.m in Sources */,
				500CC4E013F9BA1200FED029 /* STCardDetailViewController.m in Sources */,
				50DC9F0413FCB20B001758BC /* STLabel.m in Sources */,
				5076B68B1412AFC9006AE55F /* STTextField.m in Sources */,
				5056D82F1412D8DB00E082B3 /* STNewStackViewController.m in Sources */,
				504E4DFB143F60E300C6E232 /* STNewCardViewController.m in Sources */,
				50C1719B1454A20600FE8E17 /* STStudyViewController.m in Sources */,
			);
			runOnlyForDeploymentPostprocessing = 0;
		};
/* End PBXSourcesBuildPhase section */

/* Begin PBXVariantGroup section */
		501EA60E13C8C803006DE75D /* InfoPlist.strings */ = {
			isa = PBXVariantGroup;
			children = (
				501EA60F13C8C803006DE75D /* en */,
			);
			name = InfoPlist.strings;
			sourceTree = "<group>";
		};
		501EA62113C8C803006DE75D /* STRootViewController.xib */ = {
			isa = PBXVariantGroup;
			children = (
				501EA62213C8C803006DE75D /* en */,
			);
			name = STRootViewController.xib;
			path = ..;
			sourceTree = "<group>";
		};
/* End PBXVariantGroup section */

/* Begin XCBuildConfiguration section */
		501EA62713C8C803006DE75D /* Debug */ = {
			isa = XCBuildConfiguration;
			buildSettings = {
				ALWAYS_SEARCH_USER_PATHS = NO;
				ARCHS = "$(ARCHS_STANDARD_32_BIT)";
				CLANG_ENABLE_OBJC_ARC = YES;
				CODE_SIGN_IDENTITY = "iPhone Developer: Max Luzuriaga (D5ZJZ6EL5H)";
				"CODE_SIGN_IDENTITY[sdk=iphoneos*]" = "iPhone Developer";
				COPY_PHASE_STRIP = NO;
				GCC_C_LANGUAGE_STANDARD = gnu99;
				GCC_DYNAMIC_NO_PIC = NO;
				GCC_OPTIMIZATION_LEVEL = 0;
				GCC_PREPROCESSOR_DEFINITIONS = (
					"DEBUG=1",
					"$(inherited)",
				);
				GCC_SYMBOLS_PRIVATE_EXTERN = NO;
				GCC_VERSION = com.apple.compilers.llvm.clang.1_0;
				GCC_WARN_ABOUT_MISSING_PROTOTYPES = YES;
				GCC_WARN_ABOUT_RETURN_TYPE = YES;
				GCC_WARN_UNUSED_VARIABLE = YES;
				IPHONEOS_DEPLOYMENT_TARGET = 5.0;
				PROVISIONING_PROFILE = "FABF7D36-4638-438E-A154-28E9F8FC6247";
				SDKROOT = iphoneos;
			};
			name = Debug;
		};
		501EA62813C8C803006DE75D /* Release */ = {
			isa = XCBuildConfiguration;
			buildSettings = {
				ALWAYS_SEARCH_USER_PATHS = NO;
				ARCHS = "$(ARCHS_STANDARD_32_BIT)";
				CLANG_ENABLE_OBJC_ARC = YES;
				CODE_SIGN_IDENTITY = "iPhone Developer: Max Luzuriaga (D5ZJZ6EL5H)";
				"CODE_SIGN_IDENTITY[sdk=iphoneos*]" = "iPhone Developer";
				COPY_PHASE_STRIP = YES;
				GCC_C_LANGUAGE_STANDARD = gnu99;
				GCC_VERSION = com.apple.compilers.llvm.clang.1_0;
				GCC_WARN_ABOUT_MISSING_PROTOTYPES = YES;
				GCC_WARN_ABOUT_RETURN_TYPE = YES;
				GCC_WARN_UNUSED_VARIABLE = YES;
				IPHONEOS_DEPLOYMENT_TARGET = 5.0;
				OTHER_CFLAGS = "-DNS_BLOCK_ASSERTIONS=1";
				PROVISIONING_PROFILE = "FABF7D36-4638-438E-A154-28E9F8FC6247";
				SDKROOT = iphoneos;
				VALIDATE_PRODUCT = YES;
			};
			name = Release;
		};
		501EA62A13C8C803006DE75D /* Debug */ = {
			isa = XCBuildConfiguration;
			buildSettings = {
				CODE_SIGN_ENTITLEMENTS = Stacks/Stacks.entitlements;
				CODE_SIGN_IDENTITY = "iPhone Developer: Max Luzuriaga (D5ZJZ6EL5H)";
				GCC_PRECOMPILE_PREFIX_HEADER = YES;
				GCC_PREFIX_HEADER = "Stacks/Stacks-Prefix.pch";
				INFOPLIST_FILE = "Stacks/Stacks-Info.plist";
				PRODUCT_NAME = "$(TARGET_NAME)";
				PROVISIONING_PROFILE = "A62761B4-69EC-4368-B608-8D34FAE43376";
				WRAPPER_EXTENSION = app;
			};
			name = Debug;
		};
		501EA62B13C8C803006DE75D /* Release */ = {
			isa = XCBuildConfiguration;
			buildSettings = {
				CODE_SIGN_ENTITLEMENTS = Stacks/Stacks.entitlements;
				CODE_SIGN_IDENTITY = "iPhone Developer: Max Luzuriaga (D5ZJZ6EL5H)";
				GCC_PRECOMPILE_PREFIX_HEADER = YES;
				GCC_PREFIX_HEADER = "Stacks/Stacks-Prefix.pch";
				INFOPLIST_FILE = "Stacks/Stacks-Info.plist";
				PRODUCT_NAME = "$(TARGET_NAME)";
				PROVISIONING_PROFILE = "A62761B4-69EC-4368-B608-8D34FAE43376";
				WRAPPER_EXTENSION = app;
			};
			name = Release;
		};
/* End XCBuildConfiguration section */

/* Begin XCConfigurationList section */
		501EA5F913C8C803006DE75D /* Build configuration list for PBXProject "Stacks" */ = {
			isa = XCConfigurationList;
			buildConfigurations = (
				501EA62713C8C803006DE75D /* Debug */,
				501EA62813C8C803006DE75D /* Release */,
			);
			defaultConfigurationIsVisible = 0;
			defaultConfigurationName = Release;
		};
		501EA62913C8C803006DE75D /* Build configuration list for PBXNativeTarget "Stacks" */ = {
			isa = XCConfigurationList;
			buildConfigurations = (
				501EA62A13C8C803006DE75D /* Debug */,
				501EA62B13C8C803006DE75D /* Release */,
			);
			defaultConfigurationIsVisible = 0;
			defaultConfigurationName = Release;
		};
/* End XCConfigurationList section */

/* Begin XCVersionGroup section */
		501EA61713C8C803006DE75D /* Stacks.xcdatamodeld */ = {
			isa = XCVersionGroup;
			children = (
				501EA61813C8C803006DE75D /* Stacks.xcdatamodel */,
			);
			currentVersion = 501EA61813C8C803006DE75D /* Stacks.xcdatamodel */;
			path = Stacks.xcdatamodeld;
			sourceTree = "<group>";
			versionGroupType = wrapper.xcdatamodel;
		};
/* End XCVersionGroup section */
	};
	rootObject = 501EA5F613C8C803006DE75D /* Project object */;
}
